// !$*UTF8*$!
{
	archiveVersion = 1;
	classes = {
	};
	objectVersion = 56;
	objects = {

/* Begin PBXBuildFile section */
		C658DF1A2C58444F00B2B670 /* CommonUtils.h in Headers */ = {isa = PBXBuildFile; fileRef = C658DF192C58444F00B2B670 /* CommonUtils.h */; settings = {ATTRIBUTES = (Public, ); }; };
		C658DF1D2C58444F00B2B670 /* CommonUtils.framework in Frameworks */ = {isa = PBXBuildFile; fileRef = C658DF172C58444F00B2B670 /* CommonUtils.framework */; };
		C658DF1E2C58444F00B2B670 /* CommonUtils.framework in Embed Frameworks */ = {isa = PBXBuildFile; fileRef = C658DF172C58444F00B2B670 /* CommonUtils.framework */; settings = {ATTRIBUTES = (CodeSignOnCopy, RemoveHeadersOnCopy, ); }; };
		C658DF232C58446A00B2B670 /* Utils.swift in Sources */ = {isa = PBXBuildFile; fileRef = C658DF222C58446A00B2B670 /* Utils.swift */; };
		C658DF242C58448E00B2B670 /* SettingsManager.swift in Sources */ = {isa = PBXBuildFile; fileRef = C6DDE3612C58181500A6DC29 /* SettingsManager.swift */; };
		C6DFA36E2C3EF57100F62CF6 /* AppDelegate.swift in Sources */ = {isa = PBXBuildFile; fileRef = C6DFA36D2C3EF57100F62CF6 /* AppDelegate.swift */; };
		C6DFA3702C3EF57100F62CF6 /* SceneDelegate.swift in Sources */ = {isa = PBXBuildFile; fileRef = C6DFA36F2C3EF57100F62CF6 /* SceneDelegate.swift */; };
		C6DFA3722C3EF57100F62CF6 /* MemeTableVC.swift in Sources */ = {isa = PBXBuildFile; fileRef = C6DFA3712C3EF57100F62CF6 /* MemeTableVC.swift */; };
		C6DFA3752C3EF57100F62CF6 /* Base in Resources */ = {isa = PBXBuildFile; fileRef = C6DFA3742C3EF57100F62CF6 /* Base */; };
		C6DFA3782C3EF57100F62CF6 /* MemeShuffler.xcdatamodeld in Sources */ = {isa = PBXBuildFile; fileRef = C6DFA3762C3EF57100F62CF6 /* MemeShuffler.xcdatamodeld */; };
		C6DFA37A2C3EF57300F62CF6 /* Assets.xcassets in Resources */ = {isa = PBXBuildFile; fileRef = C6DFA3792C3EF57300F62CF6 /* Assets.xcassets */; };
		C6DFA37D2C3EF57300F62CF6 /* Base in Resources */ = {isa = PBXBuildFile; fileRef = C6DFA37C2C3EF57300F62CF6 /* Base */; };
		C6DFA38A2C3EF6B600F62CF6 /* MemeViewCell.swift in Sources */ = {isa = PBXBuildFile; fileRef = C6DFA3892C3EF6B600F62CF6 /* MemeViewCell.swift */; };
		C6DFA3922C3EF73100F62CF6 /* MemeApiHandler.framework in Frameworks */ = {isa = PBXBuildFile; fileRef = C6DFA3902C3EF71000F62CF6 /* MemeApiHandler.framework */; };
		C6DFA3932C3EF73100F62CF6 /* MemeApiHandler.framework in Embed Frameworks */ = {isa = PBXBuildFile; fileRef = C6DFA3902C3EF71000F62CF6 /* MemeApiHandler.framework */; settings = {ATTRIBUTES = (CodeSignOnCopy, RemoveHeadersOnCopy, ); }; };
		C6DFA39E2C3EF80300F62CF6 /* SettingsVC.swift in Sources */ = {isa = PBXBuildFile; fileRef = C6DFA39D2C3EF80300F62CF6 /* SettingsVC.swift */; };
		C6DFA3AA2C3F01A400F62CF6 /* SourceSelectorVC.swift in Sources */ = {isa = PBXBuildFile; fileRef = C6DFA3A92C3F01A400F62CF6 /* SourceSelectorVC.swift */; };
		C6DFA3AC2C3F033E00F62CF6 /* Kingfisher in Frameworks */ = {isa = PBXBuildFile; productRef = C6DFA3AB2C3F033E00F62CF6 /* Kingfisher */; };
/* End PBXBuildFile section */

/* Begin PBXContainerItemProxy section */
		C658DF1B2C58444F00B2B670 /* PBXContainerItemProxy */ = {
			isa = PBXContainerItemProxy;
			containerPortal = C6DFA3622C3EF57100F62CF6 /* Project object */;
			proxyType = 1;
			remoteGlobalIDString = C658DF162C58444F00B2B670;
			remoteInfo = CommonUtils;
		};
		C6DFA38F2C3EF71000F62CF6 /* PBXContainerItemProxy */ = {
			isa = PBXContainerItemProxy;
			containerPortal = C6DFA38B2C3EF71000F62CF6 /* MemeApiHandler.xcodeproj */;
			proxyType = 2;
			remoteGlobalIDString = C66D1D392C39ADFC00C32D91;
			remoteInfo = MemeApiHandler;
		};
/* End PBXContainerItemProxy section */

/* Begin PBXCopyFilesBuildPhase section */
		C6DFA3942C3EF73100F62CF6 /* Embed Frameworks */ = {
			isa = PBXCopyFilesBuildPhase;
			buildActionMask = 2147483647;
			dstPath = "";
			dstSubfolderSpec = 10;
			files = (
				C6DFA3932C3EF73100F62CF6 /* MemeApiHandler.framework in Embed Frameworks */,
				C658DF1E2C58444F00B2B670 /* CommonUtils.framework in Embed Frameworks */,
			);
			name = "Embed Frameworks";
			runOnlyForDeploymentPostprocessing = 0;
		};
/* End PBXCopyFilesBuildPhase section */

/* Begin PBXFileReference section */
		C658DF172C58444F00B2B670 /* CommonUtils.framework */ = {isa = PBXFileReference; explicitFileType = wrapper.framework; includeInIndex = 0; path = CommonUtils.framework; sourceTree = BUILT_PRODUCTS_DIR; };
		C658DF192C58444F00B2B670 /* CommonUtils.h */ = {isa = PBXFileReference; lastKnownFileType = sourcecode.c.h; path = CommonUtils.h; sourceTree = "<group>"; };
		C658DF222C58446A00B2B670 /* Utils.swift */ = {isa = PBXFileReference; lastKnownFileType = sourcecode.swift; path = Utils.swift; sourceTree = "<group>"; };
		C6DDE3612C58181500A6DC29 /* SettingsManager.swift */ = {isa = PBXFileReference; lastKnownFileType = sourcecode.swift; name = SettingsManager.swift; path = ../MemeShuffler/Controllers/Settings/SettingsManager.swift; sourceTree = "<group>"; };
		C6DFA36A2C3EF57100F62CF6 /* MemeShuffler.app */ = {isa = PBXFileReference; explicitFileType = wrapper.application; includeInIndex = 0; path = MemeShuffler.app; sourceTree = BUILT_PRODUCTS_DIR; };
		C6DFA36D2C3EF57100F62CF6 /* AppDelegate.swift */ = {isa = PBXFileReference; lastKnownFileType = sourcecode.swift; path = AppDelegate.swift; sourceTree = "<group>"; };
		C6DFA36F2C3EF57100F62CF6 /* SceneDelegate.swift */ = {isa = PBXFileReference; lastKnownFileType = sourcecode.swift; path = SceneDelegate.swift; sourceTree = "<group>"; };
		C6DFA3712C3EF57100F62CF6 /* MemeTableVC.swift */ = {isa = PBXFileReference; lastKnownFileType = sourcecode.swift; path = MemeTableVC.swift; sourceTree = "<group>"; };
		C6DFA3742C3EF57100F62CF6 /* Base */ = {isa = PBXFileReference; lastKnownFileType = file.storyboard; name = Base; path = Base.lproj/Main.storyboard; sourceTree = "<group>"; };
		C6DFA3772C3EF57100F62CF6 /* MemeShuffler.xcdatamodel */ = {isa = PBXFileReference; lastKnownFileType = wrapper.xcdatamodel; path = MemeShuffler.xcdatamodel; sourceTree = "<group>"; };
		C6DFA3792C3EF57300F62CF6 /* Assets.xcassets */ = {isa = PBXFileReference; lastKnownFileType = folder.assetcatalog; path = Assets.xcassets; sourceTree = "<group>"; };
		C6DFA37C2C3EF57300F62CF6 /* Base */ = {isa = PBXFileReference; lastKnownFileType = file.storyboard; name = Base; path = Base.lproj/LaunchScreen.storyboard; sourceTree = "<group>"; };
		C6DFA37E2C3EF57300F62CF6 /* Info.plist */ = {isa = PBXFileReference; lastKnownFileType = text.plist.xml; path = Info.plist; sourceTree = "<group>"; };
		C6DFA3892C3EF6B600F62CF6 /* MemeViewCell.swift */ = {isa = PBXFileReference; lastKnownFileType = sourcecode.swift; path = MemeViewCell.swift; sourceTree = "<group>"; };
		C6DFA38B2C3EF71000F62CF6 /* MemeApiHandler.xcodeproj */ = {isa = PBXFileReference; lastKnownFileType = "wrapper.pb-project"; name = MemeApiHandler.xcodeproj; path = MemeApiHandler/MemeApiHandler.xcodeproj; sourceTree = "<group>"; };
		C6DFA39D2C3EF80300F62CF6 /* SettingsVC.swift */ = {isa = PBXFileReference; lastKnownFileType = sourcecode.swift; path = SettingsVC.swift; sourceTree = "<group>"; };
		C6DFA3A92C3F01A400F62CF6 /* SourceSelectorVC.swift */ = {isa = PBXFileReference; lastKnownFileType = sourcecode.swift; path = SourceSelectorVC.swift; sourceTree = "<group>"; };
/* End PBXFileReference section */

/* Begin PBXFrameworksBuildPhase section */
		C658DF142C58444F00B2B670 /* Frameworks */ = {
			isa = PBXFrameworksBuildPhase;
			buildActionMask = 2147483647;
			files = (
			);
			runOnlyForDeploymentPostprocessing = 0;
		};
		C6DFA3672C3EF57100F62CF6 /* Frameworks */ = {
			isa = PBXFrameworksBuildPhase;
			buildActionMask = 2147483647;
			files = (
				C658DF1D2C58444F00B2B670 /* CommonUtils.framework in Frameworks */,
				C6DFA3AC2C3F033E00F62CF6 /* Kingfisher in Frameworks */,
				C6DFA3922C3EF73100F62CF6 /* MemeApiHandler.framework in Frameworks */,
			);
			runOnlyForDeploymentPostprocessing = 0;
		};
/* End PBXFrameworksBuildPhase section */

/* Begin PBXGroup section */
		C658DF182C58444F00B2B670 /* CommonUtils */ = {
			isa = PBXGroup;
			children = (
				C6DDE3612C58181500A6DC29 /* SettingsManager.swift */,
				C658DF192C58444F00B2B670 /* CommonUtils.h */,
				C658DF222C58446A00B2B670 /* Utils.swift */,
			);
			path = CommonUtils;
			sourceTree = "<group>";
		};
		C6DFA3612C3EF57100F62CF6 = {
			isa = PBXGroup;
			children = (
				C6DFA38B2C3EF71000F62CF6 /* MemeApiHandler.xcodeproj */,
				C6DFA36C2C3EF57100F62CF6 /* MemeShuffler */,
				C658DF182C58444F00B2B670 /* CommonUtils */,
				C6DFA36B2C3EF57100F62CF6 /* Products */,
				C6DFA3912C3EF73100F62CF6 /* Frameworks */,
			);
			sourceTree = "<group>";
		};
		C6DFA36B2C3EF57100F62CF6 /* Products */ = {
			isa = PBXGroup;
			children = (
				C6DFA36A2C3EF57100F62CF6 /* MemeShuffler.app */,
				C658DF172C58444F00B2B670 /* CommonUtils.framework */,
			);
			name = Products;
			sourceTree = "<group>";
		};
		C6DFA36C2C3EF57100F62CF6 /* MemeShuffler */ = {
			isa = PBXGroup;
			children = (
				C6DFA3732C3EF57100F62CF6 /* Main.storyboard */,
				C6DFA37B2C3EF57300F62CF6 /* LaunchScreen.storyboard */,
				C6DFA3842C3EF57900F62CF6 /* Controllers */,
				C6DFA36D2C3EF57100F62CF6 /* AppDelegate.swift */,
				C6DFA36F2C3EF57100F62CF6 /* SceneDelegate.swift */,
				C6DFA3792C3EF57300F62CF6 /* Assets.xcassets */,
				C6DFA37E2C3EF57300F62CF6 /* Info.plist */,
				C6DFA3762C3EF57100F62CF6 /* MemeShuffler.xcdatamodeld */,
			);
			path = MemeShuffler;
			sourceTree = "<group>";
		};
		C6DFA3842C3EF57900F62CF6 /* Controllers */ = {
			isa = PBXGroup;
			children = (
				C6DFA3A82C3F018A00F62CF6 /* SourceSelector */,
				C6DFA39C2C3EF7E700F62CF6 /* Settings */,
				C6DFA39B2C3EF7B800F62CF6 /* TableView */,
			);
			path = Controllers;
			sourceTree = "<group>";
		};
		C6DFA38C2C3EF71000F62CF6 /* Products */ = {
			isa = PBXGroup;
			children = (
				C6DFA3902C3EF71000F62CF6 /* MemeApiHandler.framework */,
			);
			name = Products;
			sourceTree = "<group>";
		};
		C6DFA3912C3EF73100F62CF6 /* Frameworks */ = {
			isa = PBXGroup;
			children = (
			);
			name = Frameworks;
			sourceTree = "<group>";
		};
		C6DFA39B2C3EF7B800F62CF6 /* TableView */ = {
			isa = PBXGroup;
			children = (
				C6DFA3712C3EF57100F62CF6 /* MemeTableVC.swift */,
				C6DFA3892C3EF6B600F62CF6 /* MemeViewCell.swift */,
			);
			path = TableView;
			sourceTree = "<group>";
		};
		C6DFA39C2C3EF7E700F62CF6 /* Settings */ = {
			isa = PBXGroup;
			children = (
				C6DFA39D2C3EF80300F62CF6 /* SettingsVC.swift */,
			);
			path = Settings;
			sourceTree = "<group>";
		};
		C6DFA3A82C3F018A00F62CF6 /* SourceSelector */ = {
			isa = PBXGroup;
			children = (
				C6DFA3A92C3F01A400F62CF6 /* SourceSelectorVC.swift */,
			);
			path = SourceSelector;
			sourceTree = "<group>";
		};
/* End PBXGroup section */

/* Begin PBXHeadersBuildPhase section */
		C658DF122C58444F00B2B670 /* Headers */ = {
			isa = PBXHeadersBuildPhase;
			buildActionMask = 2147483647;
			files = (
				C658DF1A2C58444F00B2B670 /* CommonUtils.h in Headers */,
			);
			runOnlyForDeploymentPostprocessing = 0;
		};
/* End PBXHeadersBuildPhase section */

/* Begin PBXNativeTarget section */
		C658DF162C58444F00B2B670 /* CommonUtils */ = {
			isa = PBXNativeTarget;
			buildConfigurationList = C658DF1F2C58444F00B2B670 /* Build configuration list for PBXNativeTarget "CommonUtils" */;
			buildPhases = (
				C658DF122C58444F00B2B670 /* Headers */,
				C658DF132C58444F00B2B670 /* Sources */,
				C658DF142C58444F00B2B670 /* Frameworks */,
				C658DF152C58444F00B2B670 /* Resources */,
			);
			buildRules = (
			);
			dependencies = (
			);
			name = CommonUtils;
			productName = CommonUtils;
			productReference = C658DF172C58444F00B2B670 /* CommonUtils.framework */;
			productType = "com.apple.product-type.framework";
		};
		C6DFA3692C3EF57100F62CF6 /* MemeShuffler */ = {
			isa = PBXNativeTarget;
			buildConfigurationList = C6DFA3812C3EF57300F62CF6 /* Build configuration list for PBXNativeTarget "MemeShuffler" */;
			buildPhases = (
				C6DFA3662C3EF57100F62CF6 /* Sources */,
				C6DFA3672C3EF57100F62CF6 /* Frameworks */,
				C6DFA3682C3EF57100F62CF6 /* Resources */,
				C6DFA3942C3EF73100F62CF6 /* Embed Frameworks */,
			);
			buildRules = (
			);
			dependencies = (
				C658DF1C2C58444F00B2B670 /* PBXTargetDependency */,
			);
			name = MemeShuffler;
			packageProductDependencies = (
				C6DFA3AB2C3F033E00F62CF6 /* Kingfisher */,
			);
			productName = MemeShuffler;
			productReference = C6DFA36A2C3EF57100F62CF6 /* MemeShuffler.app */;
			productType = "com.apple.product-type.application";
		};
/* End PBXNativeTarget section */

/* Begin PBXProject section */
		C6DFA3622C3EF57100F62CF6 /* Project object */ = {
			isa = PBXProject;
			attributes = {
				BuildIndependentTargetsInParallel = 1;
				LastSwiftUpdateCheck = 1540;
				LastUpgradeCheck = 1540;
				TargetAttributes = {
					C658DF162C58444F00B2B670 = {
						CreatedOnToolsVersion = 15.4;
						LastSwiftMigration = 1540;
					};
					C6DFA3692C3EF57100F62CF6 = {
						CreatedOnToolsVersion = 15.4;
					};
				};
			};
			buildConfigurationList = C6DFA3652C3EF57100F62CF6 /* Build configuration list for PBXProject "MemeShuffler" */;
			compatibilityVersion = "Xcode 14.0";
			developmentRegion = en;
			hasScannedForEncodings = 0;
			knownRegions = (
				en,
				Base,
			);
			mainGroup = C6DFA3612C3EF57100F62CF6;
			packageReferences = (
				C6DFA3952C3EF74E00F62CF6 /* XCRemoteSwiftPackageReference "Kingfisher" */,
			);
			productRefGroup = C6DFA36B2C3EF57100F62CF6 /* Products */;
			projectDirPath = "";
			projectReferences = (
				{
					ProductGroup = C6DFA38C2C3EF71000F62CF6 /* Products */;
					ProjectRef = C6DFA38B2C3EF71000F62CF6 /* MemeApiHandler.xcodeproj */;
				},
			);
			projectRoot = "";
			targets = (
				C6DFA3692C3EF57100F62CF6 /* MemeShuffler */,
				C658DF162C58444F00B2B670 /* CommonUtils */,
			);
		};
/* End PBXProject section */

/* Begin PBXReferenceProxy section */
		C6DFA3902C3EF71000F62CF6 /* MemeApiHandler.framework */ = {
			isa = PBXReferenceProxy;
			fileType = wrapper.framework;
			path = MemeApiHandler.framework;
			remoteRef = C6DFA38F2C3EF71000F62CF6 /* PBXContainerItemProxy */;
			sourceTree = BUILT_PRODUCTS_DIR;
		};
/* End PBXReferenceProxy section */

/* Begin PBXResourcesBuildPhase section */
		C658DF152C58444F00B2B670 /* Resources */ = {
			isa = PBXResourcesBuildPhase;
			buildActionMask = 2147483647;
			files = (
			);
			runOnlyForDeploymentPostprocessing = 0;
		};
		C6DFA3682C3EF57100F62CF6 /* Resources */ = {
			isa = PBXResourcesBuildPhase;
			buildActionMask = 2147483647;
			files = (
				C6DFA37A2C3EF57300F62CF6 /* Assets.xcassets in Resources */,
				C6DFA37D2C3EF57300F62CF6 /* Base in Resources */,
				C6DFA3752C3EF57100F62CF6 /* Base in Resources */,
			);
			runOnlyForDeploymentPostprocessing = 0;
		};
/* End PBXResourcesBuildPhase section */

/* Begin PBXSourcesBuildPhase section */
		C658DF132C58444F00B2B670 /* Sources */ = {
			isa = PBXSourcesBuildPhase;
			buildActionMask = 2147483647;
			files = (
				C658DF242C58448E00B2B670 /* SettingsManager.swift in Sources */,
				C658DF232C58446A00B2B670 /* Utils.swift in Sources */,
			);
			runOnlyForDeploymentPostprocessing = 0;
		};
		C6DFA3662C3EF57100F62CF6 /* Sources */ = {
			isa = PBXSourcesBuildPhase;
			buildActionMask = 2147483647;
			files = (
				C6DFA3782C3EF57100F62CF6 /* MemeShuffler.xcdatamodeld in Sources */,
				C6DFA3722C3EF57100F62CF6 /* MemeTableVC.swift in Sources */,
				C6DFA3AA2C3F01A400F62CF6 /* SourceSelectorVC.swift in Sources */,
				C6DFA38A2C3EF6B600F62CF6 /* MemeViewCell.swift in Sources */,
				C6DFA39E2C3EF80300F62CF6 /* SettingsVC.swift in Sources */,
				C6DFA36E2C3EF57100F62CF6 /* AppDelegate.swift in Sources */,
				C6DFA3702C3EF57100F62CF6 /* SceneDelegate.swift in Sources */,
			);
			runOnlyForDeploymentPostprocessing = 0;
		};
/* End PBXSourcesBuildPhase section */

/* Begin PBXTargetDependency section */
		C658DF1C2C58444F00B2B670 /* PBXTargetDependency */ = {
			isa = PBXTargetDependency;
			target = C658DF162C58444F00B2B670 /* CommonUtils */;
			targetProxy = C658DF1B2C58444F00B2B670 /* PBXContainerItemProxy */;
		};
/* End PBXTargetDependency section */

/* Begin PBXVariantGroup section */
		C6DFA3732C3EF57100F62CF6 /* Main.storyboard */ = {
			isa = PBXVariantGroup;
			children = (
				C6DFA3742C3EF57100F62CF6 /* Base */,
			);
			name = Main.storyboard;
			sourceTree = "<group>";
		};
		C6DFA37B2C3EF57300F62CF6 /* LaunchScreen.storyboard */ = {
			isa = PBXVariantGroup;
			children = (
				C6DFA37C2C3EF57300F62CF6 /* Base */,
			);
			name = LaunchScreen.storyboard;
			sourceTree = "<group>";
		};
/* End PBXVariantGroup section */

/* Begin XCBuildConfiguration section */
		C658DF202C58444F00B2B670 /* Debug */ = {
			isa = XCBuildConfiguration;
			buildSettings = {
				BUILD_LIBRARY_FOR_DISTRIBUTION = YES;
				CLANG_ENABLE_MODULES = YES;
				CODE_SIGN_STYLE = Automatic;
				CURRENT_PROJECT_VERSION = 1;
				DEFINES_MODULE = YES;
				DEVELOPMENT_TEAM = 8A4724G76B;
				DYLIB_COMPATIBILITY_VERSION = 1;
				DYLIB_CURRENT_VERSION = 1;
				DYLIB_INSTALL_NAME_BASE = "@rpath";
				ENABLE_MODULE_VERIFIER = YES;
				GENERATE_INFOPLIST_FILE = YES;
				INFOPLIST_KEY_NSHumanReadableCopyright = "";
				INSTALL_PATH = "$(LOCAL_LIBRARY_DIR)/Frameworks";
				LD_RUNPATH_SEARCH_PATHS = (
					"$(inherited)",
					"@executable_path/Frameworks",
					"@loader_path/Frameworks",
				);
				MARKETING_VERSION = 1.0;
				MODULE_VERIFIER_SUPPORTED_LANGUAGES = "objective-c objective-c++";
				MODULE_VERIFIER_SUPPORTED_LANGUAGE_STANDARDS = "gnu17 gnu++20";
				PRODUCT_BUNDLE_IDENTIFIER = ua.edu.ukma.Prokofiev.CommonUtils;
				PRODUCT_NAME = "$(TARGET_NAME:c99extidentifier)";
				SKIP_INSTALL = YES;
				SWIFT_EMIT_LOC_STRINGS = YES;
				SWIFT_INSTALL_OBJC_HEADER = NO;
				SWIFT_OPTIMIZATION_LEVEL = "-Onone";
				SWIFT_VERSION = 5.0;
				TARGETED_DEVICE_FAMILY = "1,2";
				VERSIONING_SYSTEM = "apple-generic";
				VERSION_INFO_PREFIX = "";
			};
			name = Debug;
		};
		C658DF212C58444F00B2B670 /* Release */ = {
			isa = XCBuildConfiguration;
			buildSettings = {
				BUILD_LIBRARY_FOR_DISTRIBUTION = YES;
				CLANG_ENABLE_MODULES = YES;
				CODE_SIGN_STYLE = Automatic;
				CURRENT_PROJECT_VERSION = 1;
				DEFINES_MODULE = YES;
				DEVELOPMENT_TEAM = 8A4724G76B;
				DYLIB_COMPATIBILITY_VERSION = 1;
				DYLIB_CURRENT_VERSION = 1;
				DYLIB_INSTALL_NAME_BASE = "@rpath";
				ENABLE_MODULE_VERIFIER = YES;
				GENERATE_INFOPLIST_FILE = YES;
				INFOPLIST_KEY_NSHumanReadableCopyright = "";
				INSTALL_PATH = "$(LOCAL_LIBRARY_DIR)/Frameworks";
				LD_RUNPATH_SEARCH_PATHS = (
					"$(inherited)",
					"@executable_path/Frameworks",
					"@loader_path/Frameworks",
				);
				MARKETING_VERSION = 1.0;
				MODULE_VERIFIER_SUPPORTED_LANGUAGES = "objective-c objective-c++";
				MODULE_VERIFIER_SUPPORTED_LANGUAGE_STANDARDS = "gnu17 gnu++20";
				PRODUCT_BUNDLE_IDENTIFIER = ua.edu.ukma.Prokofiev.CommonUtils;
				PRODUCT_NAME = "$(TARGET_NAME:c99extidentifier)";
				SKIP_INSTALL = YES;
				SWIFT_EMIT_LOC_STRINGS = YES;
				SWIFT_INSTALL_OBJC_HEADER = NO;
				SWIFT_VERSION = 5.0;
				TARGETED_DEVICE_FAMILY = "1,2";
				VERSIONING_SYSTEM = "apple-generic";
				VERSION_INFO_PREFIX = "";
			};
			name = Release;
		};
		C6DFA37F2C3EF57300F62CF6 /* Debug */ = {
			isa = XCBuildConfiguration;
			buildSettings = {
				ALWAYS_SEARCH_USER_PATHS = NO;
				ASSETCATALOG_COMPILER_GENERATE_SWIFT_ASSET_SYMBOL_EXTENSIONS = YES;
				CLANG_ANALYZER_NONNULL = YES;
				CLANG_ANALYZER_NUMBER_OBJECT_CONVERSION = YES_AGGRESSIVE;
				CLANG_CXX_LANGUAGE_STANDARD = "gnu++20";
				CLANG_ENABLE_MODULES = YES;
				CLANG_ENABLE_OBJC_ARC = YES;
				CLANG_ENABLE_OBJC_WEAK = YES;
				CLANG_WARN_BLOCK_CAPTURE_AUTORELEASING = YES;
				CLANG_WARN_BOOL_CONVERSION = YES;
				CLANG_WARN_COMMA = YES;
				CLANG_WARN_CONSTANT_CONVERSION = YES;
				CLANG_WARN_DEPRECATED_OBJC_IMPLEMENTATIONS = YES;
				CLANG_WARN_DIRECT_OBJC_ISA_USAGE = YES_ERROR;
				CLANG_WARN_DOCUMENTATION_COMMENTS = YES;
				CLANG_WARN_EMPTY_BODY = YES;
				CLANG_WARN_ENUM_CONVERSION = YES;
				CLANG_WARN_INFINITE_RECURSION = YES;
				CLANG_WARN_INT_CONVERSION = YES;
				CLANG_WARN_NON_LITERAL_NULL_CONVERSION = YES;
				CLANG_WARN_OBJC_IMPLICIT_RETAIN_SELF = YES;
				CLANG_WARN_OBJC_LITERAL_CONVERSION = YES;
				CLANG_WARN_OBJC_ROOT_CLASS = YES_ERROR;
				CLANG_WARN_QUOTED_INCLUDE_IN_FRAMEWORK_HEADER = YES;
				CLANG_WARN_RANGE_LOOP_ANALYSIS = YES;
				CLANG_WARN_STRICT_PROTOTYPES = YES;
				CLANG_WARN_SUSPICIOUS_MOVE = YES;
				CLANG_WARN_UNGUARDED_AVAILABILITY = YES_AGGRESSIVE;
				CLANG_WARN_UNREACHABLE_CODE = YES;
				CLANG_WARN__DUPLICATE_METHOD_MATCH = YES;
				COPY_PHASE_STRIP = NO;
				DEBUG_INFORMATION_FORMAT = dwarf;
				ENABLE_STRICT_OBJC_MSGSEND = YES;
				ENABLE_TESTABILITY = YES;
				ENABLE_USER_SCRIPT_SANDBOXING = YES;
				GCC_C_LANGUAGE_STANDARD = gnu17;
				GCC_DYNAMIC_NO_PIC = NO;
				GCC_NO_COMMON_BLOCKS = YES;
				GCC_OPTIMIZATION_LEVEL = 0;
				GCC_PREPROCESSOR_DEFINITIONS = (
					"DEBUG=1",
					"$(inherited)",
				);
				GCC_WARN_64_TO_32_BIT_CONVERSION = YES;
				GCC_WARN_ABOUT_RETURN_TYPE = YES_ERROR;
				GCC_WARN_UNDECLARED_SELECTOR = YES;
				GCC_WARN_UNINITIALIZED_AUTOS = YES_AGGRESSIVE;
				GCC_WARN_UNUSED_FUNCTION = YES;
				GCC_WARN_UNUSED_VARIABLE = YES;
				IPHONEOS_DEPLOYMENT_TARGET = 17.5;
				LOCALIZATION_PREFERS_STRING_CATALOGS = YES;
				MTL_ENABLE_DEBUG_INFO = INCLUDE_SOURCE;
				MTL_FAST_MATH = YES;
				ONLY_ACTIVE_ARCH = YES;
				SDKROOT = iphoneos;
				SWIFT_ACTIVE_COMPILATION_CONDITIONS = "DEBUG $(inherited)";
				SWIFT_OPTIMIZATION_LEVEL = "-Onone";
			};
			name = Debug;
		};
		C6DFA3802C3EF57300F62CF6 /* Release */ = {
			isa = XCBuildConfiguration;
			buildSettings = {
				ALWAYS_SEARCH_USER_PATHS = NO;
				ASSETCATALOG_COMPILER_GENERATE_SWIFT_ASSET_SYMBOL_EXTENSIONS = YES;
				CLANG_ANALYZER_NONNULL = YES;
				CLANG_ANALYZER_NUMBER_OBJECT_CONVERSION = YES_AGGRESSIVE;
				CLANG_CXX_LANGUAGE_STANDARD = "gnu++20";
				CLANG_ENABLE_MODULES = YES;
				CLANG_ENABLE_OBJC_ARC = YES;
				CLANG_ENABLE_OBJC_WEAK = YES;
				CLANG_WARN_BLOCK_CAPTURE_AUTORELEASING = YES;
				CLANG_WARN_BOOL_CONVERSION = YES;
				CLANG_WARN_COMMA = YES;
				CLANG_WARN_CONSTANT_CONVERSION = YES;
				CLANG_WARN_DEPRECATED_OBJC_IMPLEMENTATIONS = YES;
				CLANG_WARN_DIRECT_OBJC_ISA_USAGE = YES_ERROR;
				CLANG_WARN_DOCUMENTATION_COMMENTS = YES;
				CLANG_WARN_EMPTY_BODY = YES;
				CLANG_WARN_ENUM_CONVERSION = YES;
				CLANG_WARN_INFINITE_RECURSION = YES;
				CLANG_WARN_INT_CONVERSION = YES;
				CLANG_WARN_NON_LITERAL_NULL_CONVERSION = YES;
				CLANG_WARN_OBJC_IMPLICIT_RETAIN_SELF = YES;
				CLANG_WARN_OBJC_LITERAL_CONVERSION = YES;
				CLANG_WARN_OBJC_ROOT_CLASS = YES_ERROR;
				CLANG_WARN_QUOTED_INCLUDE_IN_FRAMEWORK_HEADER = YES;
				CLANG_WARN_RANGE_LOOP_ANALYSIS = YES;
				CLANG_WARN_STRICT_PROTOTYPES = YES;
				CLANG_WARN_SUSPICIOUS_MOVE = YES;
				CLANG_WARN_UNGUARDED_AVAILABILITY = YES_AGGRESSIVE;
				CLANG_WARN_UNREACHABLE_CODE = YES;
				CLANG_WARN__DUPLICATE_METHOD_MATCH = YES;
				COPY_PHASE_STRIP = NO;
				DEBUG_INFORMATION_FORMAT = "dwarf-with-dsym";
				ENABLE_NS_ASSERTIONS = NO;
				ENABLE_STRICT_OBJC_MSGSEND = YES;
				ENABLE_USER_SCRIPT_SANDBOXING = YES;
				GCC_C_LANGUAGE_STANDARD = gnu17;
				GCC_NO_COMMON_BLOCKS = YES;
				GCC_WARN_64_TO_32_BIT_CONVERSION = YES;
				GCC_WARN_ABOUT_RETURN_TYPE = YES_ERROR;
				GCC_WARN_UNDECLARED_SELECTOR = YES;
				GCC_WARN_UNINITIALIZED_AUTOS = YES_AGGRESSIVE;
				GCC_WARN_UNUSED_FUNCTION = YES;
				GCC_WARN_UNUSED_VARIABLE = YES;
				IPHONEOS_DEPLOYMENT_TARGET = 17.5;
				LOCALIZATION_PREFERS_STRING_CATALOGS = YES;
				MTL_ENABLE_DEBUG_INFO = NO;
				MTL_FAST_MATH = YES;
				SDKROOT = iphoneos;
				SWIFT_COMPILATION_MODE = wholemodule;
				VALIDATE_PRODUCT = YES;
			};
			name = Release;
		};
		C6DFA3822C3EF57300F62CF6 /* Debug */ = {
			isa = XCBuildConfiguration;
			buildSettings = {
				ALWAYS_EMBED_SWIFT_STANDARD_LIBRARIES = YES;
				ASSETCATALOG_COMPILER_APPICON_NAME = AppIcon;
				ASSETCATALOG_COMPILER_GLOBAL_ACCENT_COLOR_NAME = AccentColor;
				CODE_SIGN_STYLE = Automatic;
				CURRENT_PROJECT_VERSION = 1;
				DEVELOPMENT_TEAM = 8A4724G76B;
				GENERATE_INFOPLIST_FILE = YES;
				INFOPLIST_FILE = MemeShuffler/Info.plist;
				INFOPLIST_KEY_LSApplicationCategoryType = "public.app-category.entertainment";
				INFOPLIST_KEY_UIApplicationSupportsIndirectInputEvents = YES;
				INFOPLIST_KEY_UILaunchStoryboardName = LaunchScreen;
				INFOPLIST_KEY_UIMainStoryboardFile = Main;
				INFOPLIST_KEY_UISupportedInterfaceOrientations_iPad = "UIInterfaceOrientationPortrait UIInterfaceOrientationPortraitUpsideDown UIInterfaceOrientationLandscapeLeft UIInterfaceOrientationLandscapeRight";
				INFOPLIST_KEY_UISupportedInterfaceOrientations_iPhone = "UIInterfaceOrientationPortrait UIInterfaceOrientationLandscapeLeft UIInterfaceOrientationLandscapeRight";
				LD_RUNPATH_SEARCH_PATHS = (
					"$(inherited)",
					"@executable_path/Frameworks",
				);
				MARKETING_VERSION = 1.0;
				PRODUCT_BUNDLE_IDENTIFIER = ua.edu.ukma.Prokofiev.MemeShuffler;
				PRODUCT_NAME = "$(TARGET_NAME)";
				SUPPORTED_PLATFORMS = "iphoneos iphonesimulator";
				SUPPORTS_MACCATALYST = NO;
				SUPPORTS_MAC_DESIGNED_FOR_IPHONE_IPAD = NO;
				SUPPORTS_XR_DESIGNED_FOR_IPHONE_IPAD = NO;
				SWIFT_EMIT_LOC_STRINGS = YES;
				SWIFT_VERSION = 5.0;
				TARGETED_DEVICE_FAMILY = 1;
			};
			name = Debug;
		};
		C6DFA3832C3EF57300F62CF6 /* Release */ = {
			isa = XCBuildConfiguration;
			buildSettings = {
				ALWAYS_EMBED_SWIFT_STANDARD_LIBRARIES = YES;
				ASSETCATALOG_COMPILER_APPICON_NAME = AppIcon;
				ASSETCATALOG_COMPILER_GLOBAL_ACCENT_COLOR_NAME = AccentColor;
				CODE_SIGN_STYLE = Automatic;
				CURRENT_PROJECT_VERSION = 1;
				DEVELOPMENT_TEAM = 8A4724G76B;
				GENERATE_INFOPLIST_FILE = YES;
				INFOPLIST_FILE = MemeShuffler/Info.plist;
				INFOPLIST_KEY_LSApplicationCategoryType = "public.app-category.entertainment";
				INFOPLIST_KEY_UIApplicationSupportsIndirectInputEvents = YES;
				INFOPLIST_KEY_UILaunchStoryboardName = LaunchScreen;
				INFOPLIST_KEY_UIMainStoryboardFile = Main;
				INFOPLIST_KEY_UISupportedInterfaceOrientations_iPad = "UIInterfaceOrientationPortrait UIInterfaceOrientationPortraitUpsideDown UIInterfaceOrientationLandscapeLeft UIInterfaceOrientationLandscapeRight";
				INFOPLIST_KEY_UISupportedInterfaceOrientations_iPhone = "UIInterfaceOrientationPortrait UIInterfaceOrientationLandscapeLeft UIInterfaceOrientationLandscapeRight";
				LD_RUNPATH_SEARCH_PATHS = (
					"$(inherited)",
					"@executable_path/Frameworks",
				);
				MARKETING_VERSION = 1.0;
				PRODUCT_BUNDLE_IDENTIFIER = ua.edu.ukma.Prokofiev.MemeShuffler;
				PRODUCT_NAME = "$(TARGET_NAME)";
				SUPPORTED_PLATFORMS = "iphoneos iphonesimulator";
				SUPPORTS_MACCATALYST = NO;
				SUPPORTS_MAC_DESIGNED_FOR_IPHONE_IPAD = NO;
				SUPPORTS_XR_DESIGNED_FOR_IPHONE_IPAD = NO;
				SWIFT_EMIT_LOC_STRINGS = YES;
				SWIFT_VERSION = 5.0;
				TARGETED_DEVICE_FAMILY = 1;
			};
			name = Release;
		};
/* End XCBuildConfiguration section */

/* Begin XCConfigurationList section */
		C658DF1F2C58444F00B2B670 /* Build configuration list for PBXNativeTarget "CommonUtils" */ = {
			isa = XCConfigurationList;
			buildConfigurations = (
				C658DF202C58444F00B2B670 /* Debug */,
				C658DF212C58444F00B2B670 /* Release */,
			);
			defaultConfigurationIsVisible = 0;
			defaultConfigurationName = Release;
		};
		C6DFA3652C3EF57100F62CF6 /* Build configuration list for PBXProject "MemeShuffler" */ = {
			isa = XCConfigurationList;
			buildConfigurations = (
				C6DFA37F2C3EF57300F62CF6 /* Debug */,
				C6DFA3802C3EF57300F62CF6 /* Release */,
			);
			defaultConfigurationIsVisible = 0;
			defaultConfigurationName = Release;
		};
		C6DFA3812C3EF57300F62CF6 /* Build configuration list for PBXNativeTarget "MemeShuffler" */ = {
			isa = XCConfigurationList;
			buildConfigurations = (
				C6DFA3822C3EF57300F62CF6 /* Debug */,
				C6DFA3832C3EF57300F62CF6 /* Release */,
			);
			defaultConfigurationIsVisible = 0;
			defaultConfigurationName = Release;
		};
/* End XCConfigurationList section */

/* Begin XCRemoteSwiftPackageReference section */
		C6DFA3952C3EF74E00F62CF6 /* XCRemoteSwiftPackageReference "Kingfisher" */ = {
			isa = XCRemoteSwiftPackageReference;
			repositoryURL = "https://github.com/onevcat/Kingfisher";
			requirement = {
				kind = upToNextMajorVersion;
				minimumVersion = 7.12.0;
			};
		};
/* End XCRemoteSwiftPackageReference section */

/* Begin XCSwiftPackageProductDependency section */
		C6DFA3AB2C3F033E00F62CF6 /* Kingfisher */ = {
			isa = XCSwiftPackageProductDependency;
			package = C6DFA3952C3EF74E00F62CF6 /* XCRemoteSwiftPackageReference "Kingfisher" */;
			productName = Kingfisher;
		};
/* End XCSwiftPackageProductDependency section */

/* Begin XCVersionGroup section */
		C6DFA3762C3EF57100F62CF6 /* MemeShuffler.xcdatamodeld */ = {
			isa = XCVersionGroup;
			children = (
				C6DFA3772C3EF57100F62CF6 /* MemeShuffler.xcdatamodel */,
			);
			currentVersion = C6DFA3772C3EF57100F62CF6 /* MemeShuffler.xcdatamodel */;
			path = MemeShuffler.xcdatamodeld;
			sourceTree = "<group>";
			versionGroupType = wrapper.xcdatamodel;
		};
/* End XCVersionGroup section */
	};
	rootObject = C6DFA3622C3EF57100F62CF6 /* Project object */;
}
